
Microsoft Visual Studio Solution File, Format Version 12.00
Project("{FAE04EC0-301F-11D3-BF4B-00C04F79EFBC}") = "TcpChat", "TcpChat\TcpChat.csproj", "{17A8E6F9-AF1A-45D3-B4B5-39BC8D9E6882}"
EndProject
Global
	GlobalSection(SolutionConfigurationPlatforms) = preSolution
		Debug|Any CPU = Debug|Any CPU
		Release|Any CPU = Release|Any CPU
	EndGlobalSection
	GlobalSection(ProjectConfigurationPlatforms) = postSolution
		{17A8E6F9-AF1A-45D3-B4B5-39BC8D9E6882}.Debug|Any CPU.ActiveCfg = Debug|Any CPU
		{17A8E6F9-AF1A-45D3-B4B5-39BC8D9E6882}.Debug|Any CPU.Build.0 = Debug|Any CPU
		{17A8E6F9-AF1A-45D3-B4B5-39BC8D9E6882}.Release|Any CPU.ActiveCfg = Release|Any CPU
		{17A8E6F9-AF1A-45D3-B4B5-39BC8D9E6882}.Release|Any CPU.Build.0 = Release|Any CPU
	EndGlobalSection
EndGlobal
